
Microsoft Visual Studio Solution File, Format Version 12.00
# Visual Studio Version 17
VisualStudioVersion = 17.0.32014.148
MinimumVisualStudioVersion = 10.0.40219.1
Project("{9A19103F-16F7-4668-BE54-9A1E7A4F7556}") = "App", "WebApplication1\App.csproj", "{F2141451-B6E3-45D5-BDEB-0EAB8D16006E}"
EndProject
Project("{2150E333-8FDC-42A3-9474-1A3956D46DE8}") = "Presentation", "Presentation", "{97CDF8FB-02BF-4B24-91BB-868F6491CB21}"
EndProject
Project("{FAE04EC0-301F-11D3-BF4B-00C04F79EFBC}") = "AppCore", "AppCore\AppCore.csproj", "{FEAFB215-05A4-4BCB-B753-A436CA76C090}"
EndProject
Project("{2150E333-8FDC-42A3-9474-1A3956D46DE8}") = "Libraries", "Libraries", "{BD7F334E-E29A-414B-B85A-B7F9BB746DE9}"
EndProject
Project("{FAE04EC0-301F-11D3-BF4B-00C04F79EFBC}") = "AppData", "AppData\AppData.csproj", "{0F5F0A39-7497-469E-911A-5587DE163952}"
EndProject
Project("{FAE04EC0-301F-11D3-BF4B-00C04F79EFBC}") = "AppServices", "AppServices\AppServices.csproj", "{1DAB1B23-5AEC-4A99-A581-DCBEE270C181}"
EndProject
Global
	GlobalSection(SolutionConfigurationPlatforms) = preSolution
		Debug|Any CPU = Debug|Any CPU
		Release|Any CPU = Release|Any CPU
	EndGlobalSection
	GlobalSection(ProjectConfigurationPlatforms) = postSolution
		{F2141451-B6E3-45D5-BDEB-0EAB8D16006E}.Debug|Any CPU.ActiveCfg = Debug|Any CPU
		{F2141451-B6E3-45D5-BDEB-0EAB8D16006E}.Debug|Any CPU.Build.0 = Debug|Any CPU
		{F2141451-B6E3-45D5-BDEB-0EAB8D16006E}.Release|Any CPU.ActiveCfg = Release|Any CPU
		{F2141451-B6E3-45D5-BDEB-0EAB8D16006E}.Release|Any CPU.Build.0 = Release|Any CPU
		{FEAFB215-05A4-4BCB-B753-A436CA76C090}.Debug|Any CPU.ActiveCfg = Debug|Any CPU
		{FEAFB215-05A4-4BCB-B753-A436CA76C090}.Debug|Any CPU.Build.0 = Debug|Any CPU
		{FEAFB215-05A4-4BCB-B753-A436CA76C090}.Release|Any CPU.ActiveCfg = Release|Any CPU
		{FEAFB215-05A4-4BCB-B753-A436CA76C090}.Release|Any CPU.Build.0 = Release|Any CPU
		{0F5F0A39-7497-469E-911A-5587DE163952}.Debug|Any CPU.ActiveCfg = Debug|Any CPU
		{0F5F0A39-7497-469E-911A-5587DE163952}.Debug|Any CPU.Build.0 = Debug|Any CPU
		{0F5F0A39-7497-469E-911A-5587DE163952}.Release|Any CPU.ActiveCfg = Release|Any CPU
		{0F5F0A39-7497-469E-911A-5587DE163952}.Release|Any CPU.Build.0 = Release|Any CPU
		{1DAB1B23-5AEC-4A99-A581-DCBEE270C181}.Debug|Any CPU.ActiveCfg = Debug|Any CPU
		{1DAB1B23-5AEC-4A99-A581-DCBEE270C181}.Debug|Any CPU.Build.0 = Debug|Any CPU
		{1DAB1B23-5AEC-4A99-A581-DCBEE270C181}.Release|Any CPU.ActiveCfg = Release|Any CPU
		{1DAB1B23-5AEC-4A99-A581-DCBEE270C181}.Release|Any CPU.Build.0 = Release|Any CPU
	EndGlobalSection
	GlobalSection(SolutionProperties) = preSolution
		HideSolutionNode = FALSE
	EndGlobalSection
	GlobalSection(NestedProjects) = preSolution
		{F2141451-B6E3-45D5-BDEB-0EAB8D16006E} = {97CDF8FB-02BF-4B24-91BB-868F6491CB21}
		{FEAFB215-05A4-4BCB-B753-A436CA76C090} = {BD7F334E-E29A-414B-B85A-B7F9BB746DE9}
		{0F5F0A39-7497-469E-911A-5587DE163952} = {BD7F334E-E29A-414B-B85A-B7F9BB746DE9}
		{1DAB1B23-5AEC-4A99-A581-DCBEE270C181} = {BD7F334E-E29A-414B-B85A-B7F9BB746DE9}
	EndGlobalSection
	GlobalSection(ExtensibilityGlobals) = postSolution
		SolutionGuid = {F6FC4463-B47A-433F-9C9D-CB3DF503253B}
	EndGlobalSection
EndGlobal
